
Microsoft Visual Studio Solution File, Format Version 12.00
# Visual Studio Version 17
VisualStudioVersion = 17.13.35931.197 d17.13
MinimumVisualStudioVersion = 10.0.40219.1
Project("{FAE04EC0-301F-11D3-BF4B-00C04F79EFBC}") = "HW_9_2", "HW_9_2.csproj", "{D949C8DD-3476-4EEB-AB56-58B37D7C3B65}"
EndProject
Global
	GlobalSection(SolutionConfigurationPlatforms) = preSolution
		Debug|Any CPU = Debug|Any CPU
		Release|Any CPU = Release|Any CPU
	EndGlobalSection
	GlobalSection(ProjectConfigurationPlatforms) = postSolution
		{D949C8DD-3476-4EEB-AB56-58B37D7C3B65}.Debug|Any CPU.ActiveCfg = Debug|Any CPU
		{D949C8DD-3476-4EEB-AB56-58B37D7C3B65}.Debug|Any CPU.Build.0 = Debug|Any CPU
		{D949C8DD-3476-4EEB-AB56-58B37D7C3B65}.Release|Any CPU.ActiveCfg = Release|Any CPU
		{D949C8DD-3476-4EEB-AB56-58B37D7C3B65}.Release|Any CPU.Build.0 = Release|Any CPU
	EndGlobalSection
	GlobalSection(SolutionProperties) = preSolution
		HideSolutionNode = FALSE
	EndGlobalSection
	GlobalSection(ExtensibilityGlobals) = postSolution
		SolutionGuid = {38CDD056-2281-4609-9138-5466E2CA6880}
	EndGlobalSection
EndGlobal
