
Microsoft Visual Studio Solution File, Format Version 12.00
# Visual Studio Version 17
VisualStudioVersion = 17.13.35931.197 d17.13
MinimumVisualStudioVersion = 10.0.40219.1
Project("{FAE04EC0-301F-11D3-BF4B-00C04F79EFBC}") = "HW2", "HW2.csproj", "{406A6DEE-B1F5-44F4-8009-2920C30999C0}"
EndProject
Global
	GlobalSection(SolutionConfigurationPlatforms) = preSolution
		Debug|Any CPU = Debug|Any CPU
		Release|Any CPU = Release|Any CPU
	EndGlobalSection
	GlobalSection(ProjectConfigurationPlatforms) = postSolution
		{406A6DEE-B1F5-44F4-8009-2920C30999C0}.Debug|Any CPU.ActiveCfg = Debug|Any CPU
		{406A6DEE-B1F5-44F4-8009-2920C30999C0}.Debug|Any CPU.Build.0 = Debug|Any CPU
		{406A6DEE-B1F5-44F4-8009-2920C30999C0}.Release|Any CPU.ActiveCfg = Release|Any CPU
		{406A6DEE-B1F5-44F4-8009-2920C30999C0}.Release|Any CPU.Build.0 = Release|Any CPU
	EndGlobalSection
	GlobalSection(SolutionProperties) = preSolution
		HideSolutionNode = FALSE
	EndGlobalSection
	GlobalSection(ExtensibilityGlobals) = postSolution
		SolutionGuid = {2029201C-4056-4E43-AF12-3FD70FBAD7E8}
	EndGlobalSection
EndGlobal
