
Microsoft Visual Studio Solution File, Format Version 12.00
# Visual Studio Version 17
VisualStudioVersion = 17.13.35931.197 d17.13
MinimumVisualStudioVersion = 10.0.40219.1
Project("{FAE04EC0-301F-11D3-BF4B-00C04F79EFBC}") = "HW_8_1", "HW_8_1.csproj", "{FC050BD1-3306-4C7D-8809-B0E2D60AB2E4}"
EndProject
Global
	GlobalSection(SolutionConfigurationPlatforms) = preSolution
		Debug|Any CPU = Debug|Any CPU
		Release|Any CPU = Release|Any CPU
	EndGlobalSection
	GlobalSection(ProjectConfigurationPlatforms) = postSolution
		{FC050BD1-3306-4C7D-8809-B0E2D60AB2E4}.Debug|Any CPU.ActiveCfg = Debug|Any CPU
		{FC050BD1-3306-4C7D-8809-B0E2D60AB2E4}.Debug|Any CPU.Build.0 = Debug|Any CPU
		{FC050BD1-3306-4C7D-8809-B0E2D60AB2E4}.Release|Any CPU.ActiveCfg = Release|Any CPU
		{FC050BD1-3306-4C7D-8809-B0E2D60AB2E4}.Release|Any CPU.Build.0 = Release|Any CPU
	EndGlobalSection
	GlobalSection(SolutionProperties) = preSolution
		HideSolutionNode = FALSE
	EndGlobalSection
	GlobalSection(ExtensibilityGlobals) = postSolution
		SolutionGuid = {B391E06D-32B7-464A-83CB-3BB0744A854F}
	EndGlobalSection
EndGlobal
